{
  "name": "kmeans-firefly",
  "version": "1.0.0",
  "lockfileVersion": 1,
  "requires": true,
  "dependencies": {
    "is-any-array": {
      "version": "0.0.3",
      "resolved": "https://registry.npmjs.org/is-any-array/-/is-any-array-0.0.3.tgz",
      "integrity": "sha512-Lr5SRykZv6uuYMZURz7+YpigT1ziTBHOTgFJ1zK7gL+9Wbet5Ha1ws6S84Jo/lH4zep02b95sk6o4+MTk97mPQ=="
    },
    "ml-array-max": {
      "version": "1.1.2",
      "resolved": "https://registry.npmjs.org/ml-array-max/-/ml-array-max-1.1.2.tgz",
      "integrity": "sha512-it2hYUSuYEwIRO6hjTWfe6gbGutF4Tuct7jxt3LiLE4wKFs6ku5FLNIRKtOL2jyH+Jdwt1ddbqKMX8inBM8RxA==",
      "requires": {
        "is-any-array": "^0.0.3"
      }
    },
    "ml-array-min": {
      "version": "1.1.2",
      "resolved": "https://registry.npmjs.org/ml-array-min/-/ml-array-min-1.1.2.tgz",
      "integrity": "sha512-92QzvsyK7TxGz618pno6bu0LXYcRKssbimP85qRllk2xX5Z4gnVxlOmrMjSerUut9zzbt1eQB4byXNCwT0vgwA==",
      "requires": {
        "is-any-array": "^0.0.3"
      }
    },
    "ml-array-rescale": {
      "version": "1.2.2",
      "resolved": "https://registry.npmjs.org/ml-array-rescale/-/ml-array-rescale-1.2.2.tgz",
      "integrity": "sha512-Ijo4LegOUIQjv231y8g2/n9vyKA/CczJz3pR+zZ0TeZrqEVRs1uW4AjpbkN/01QplTI46ranMJa51L0g3VbQEg==",
      "requires": {
        "is-any-array": "^0.0.3",
        "ml-array-max": "^1.1.2",
        "ml-array-min": "^1.1.2"
      }
    },
    "ml-distance-euclidean": {
      "version": "2.0.0",
      "resolved": "https://registry.npmjs.org/ml-distance-euclidean/-/ml-distance-euclidean-2.0.0.tgz",
      "integrity": "sha512-yC9/2o8QF0A3m/0IXqCTXCzz2pNEzvmcE/9HFKOZGnTjatvBbsn4lWYJkxENkA4Ug2fnYl7PXQxnPi21sgMy/Q=="
    },
    "ml-kmeans": {
      "version": "5.0.0",
      "resolved": "https://registry.npmjs.org/ml-kmeans/-/ml-kmeans-5.0.0.tgz",
      "integrity": "sha512-QsWg10bVLRvd58hFHBu3wKjVH14+5/q+xJ29YwLN04mIr3mYmT8CuZDLAi59PLLZQQL54na8bBPSqjPEHJ1aBg==",
      "requires": {
        "ml-distance-euclidean": "^2.0.0",
        "ml-matrix": "^6.1.2",
        "ml-nearest-vector": "^2.0.1",
        "ml-random": "^0.5.0"
      }
    },
    "ml-matrix": {
      "version": "6.4.1",
      "resolved": "https://registry.npmjs.org/ml-matrix/-/ml-matrix-6.4.1.tgz",
      "integrity": "sha512-YZ6lLRhk80B2zJSC0bKocnHbpxCdXFKWb6A7QTDztf5ob2qL1g/5AYNAuDtCQgbZtW1wwFZbjXbDgk/UdiO3Uw==",
      "requires": {
        "ml-array-rescale": "^1.2.2"
      }
    },
    "ml-nearest-vector": {
      "version": "2.0.1",
      "resolved": "https://registry.npmjs.org/ml-nearest-vector/-/ml-nearest-vector-2.0.1.tgz",
      "integrity": "sha512-gMPwNm3eed59ewJYiCK/+wElWBfNoD6JizH965ePiQgCo0pvQL63w4YdZhLs5eUV0iWcq6brVMUBL6iMySHnqg==",
      "requires": {
        "ml-distance-euclidean": "^2.0.0"
      }
    },
    "ml-random": {
      "version": "0.5.0",
      "resolved": "https://registry.npmjs.org/ml-random/-/ml-random-0.5.0.tgz",
      "integrity": "sha512-zLJBmNb34LOz+vN6BD8l3aYm/VWYWbmAunrLMPs4dHf4gTl8BWlhil72j56HubPg86zrXioIs4qoHq7Topy6tw==",
      "requires": {
        "ml-xsadd": "^2.0.0"
      }
    },
    "ml-xsadd": {
      "version": "2.0.0",
      "resolved": "https://registry.npmjs.org/ml-xsadd/-/ml-xsadd-2.0.0.tgz",
      "integrity": "sha512-VoAYUqmPRmzKbbqRejjqceGFp3VF81Qe8XXFGU0UXLxB7Mf4GGvyGq5Qn3k4AiQgDEV6WzobqlPOd+j0+m6IrA=="
    }
  }
}
